
Microsoft Visual Studio Solution File, Format Version 12.00
# Visual Studio Version 16
VisualStudioVersion = 16.0.30523.141
MinimumVisualStudioVersion = 10.0.40219.1
Project("{FAE04EC0-301F-11D3-BF4B-00C04F79EFBC}") = "CriandoVariaveisPontoFlutuante", "CriandoVariaveisPontoFlutuante.csproj", "{584319D1-12EE-4EC9-A658-7251DF2E88C5}"
EndProject
Global
	GlobalSection(SolutionConfigurationPlatforms) = preSolution
		Debug|Any CPU = Debug|Any CPU
		Release|Any CPU = Release|Any CPU
	EndGlobalSection
	GlobalSection(ProjectConfigurationPlatforms) = postSolution
		{584319D1-12EE-4EC9-A658-7251DF2E88C5}.Debug|Any CPU.ActiveCfg = Debug|Any CPU
		{584319D1-12EE-4EC9-A658-7251DF2E88C5}.Debug|Any CPU.Build.0 = Debug|Any CPU
		{584319D1-12EE-4EC9-A658-7251DF2E88C5}.Release|Any CPU.ActiveCfg = Release|Any CPU
		{584319D1-12EE-4EC9-A658-7251DF2E88C5}.Release|Any CPU.Build.0 = Release|Any CPU
	EndGlobalSection
	GlobalSection(SolutionProperties) = preSolution
		HideSolutionNode = FALSE
	EndGlobalSection
	GlobalSection(ExtensibilityGlobals) = postSolution
		SolutionGuid = {4A385631-D9FD-4B80-A45A-8217A07ED7F6}
	EndGlobalSection
EndGlobal
