
Microsoft Visual Studio Solution File, Format Version 12.00
# Visual Studio Version 16
VisualStudioVersion = 16.0.30523.141
MinimumVisualStudioVersion = 10.0.40219.1
Project("{FAE04EC0-301F-11D3-BF4B-00C04F79EFBC}") = "01-ByteBank", "01-ByteBank.csproj", "{D88B2E32-5D34-4A26-88E9-CCBA7E53CA93}"
EndProject
Project("{FAE04EC0-301F-11D3-BF4B-00C04F79EFBC}") = "02-ByteBank", "..\02-ByteBank\02-ByteBank.csproj", "{E752823F-9DA2-465B-9805-8F2D632AB068}"
EndProject
Global
	GlobalSection(SolutionConfigurationPlatforms) = preSolution
		Debug|Any CPU = Debug|Any CPU
		Release|Any CPU = Release|Any CPU
	EndGlobalSection
	GlobalSection(ProjectConfigurationPlatforms) = postSolution
		{D88B2E32-5D34-4A26-88E9-CCBA7E53CA93}.Debug|Any CPU.ActiveCfg = Debug|Any CPU
		{D88B2E32-5D34-4A26-88E9-CCBA7E53CA93}.Debug|Any CPU.Build.0 = Debug|Any CPU
		{D88B2E32-5D34-4A26-88E9-CCBA7E53CA93}.Release|Any CPU.ActiveCfg = Release|Any CPU
		{D88B2E32-5D34-4A26-88E9-CCBA7E53CA93}.Release|Any CPU.Build.0 = Release|Any CPU
		{E752823F-9DA2-465B-9805-8F2D632AB068}.Debug|Any CPU.ActiveCfg = Debug|Any CPU
		{E752823F-9DA2-465B-9805-8F2D632AB068}.Debug|Any CPU.Build.0 = Debug|Any CPU
		{E752823F-9DA2-465B-9805-8F2D632AB068}.Release|Any CPU.ActiveCfg = Release|Any CPU
		{E752823F-9DA2-465B-9805-8F2D632AB068}.Release|Any CPU.Build.0 = Release|Any CPU
	EndGlobalSection
	GlobalSection(SolutionProperties) = preSolution
		HideSolutionNode = FALSE
	EndGlobalSection
	GlobalSection(ExtensibilityGlobals) = postSolution
		SolutionGuid = {1E5500AE-AC03-44EF-ADF7-AA23551C16D7}
	EndGlobalSection
EndGlobal
